
Microsoft Visual Studio Solution File, Format Version 12.00
# Visual Studio Version 17
VisualStudioVersion = 17.12.35527.113
MinimumVisualStudioVersion = 10.0.40219.1
Project("{8BC9CEB8-8B4A-11D0-8D11-00A0C91BC942}") = "Engine", "Engine\Engine.vcxproj", "{E164D8CB-147D-4852-933C-E44B6EBA53D8}"
EndProject
Project("{8BC9CEB8-8B4A-11D0-8D11-00A0C91BC942}") = "Game", "Game\Game.vcxproj", "{C9290649-5767-47D6-883F-195F870F249C}"
EndProject
Global
	GlobalSection(SolutionConfigurationPlatforms) = preSolution
		Debug|x64 = Debug|x64
		Debug|x86 = Debug|x86
		Release|x64 = Release|x64
		Release|x86 = Release|x86
	EndGlobalSection
	GlobalSection(ProjectConfigurationPlatforms) = postSolution
		{E164D8CB-147D-4852-933C-E44B6EBA53D8}.Debug|x64.ActiveCfg = Debug|x64
		{E164D8CB-147D-4852-933C-E44B6EBA53D8}.Debug|x64.Build.0 = Debug|x64
		{E164D8CB-147D-4852-933C-E44B6EBA53D8}.Debug|x86.ActiveCfg = Debug|Win32
		{E164D8CB-147D-4852-933C-E44B6EBA53D8}.Debug|x86.Build.0 = Debug|Win32
		{E164D8CB-147D-4852-933C-E44B6EBA53D8}.Release|x64.ActiveCfg = Release|x64
		{E164D8CB-147D-4852-933C-E44B6EBA53D8}.Release|x64.Build.0 = Release|x64
		{E164D8CB-147D-4852-933C-E44B6EBA53D8}.Release|x86.ActiveCfg = Release|Win32
		{E164D8CB-147D-4852-933C-E44B6EBA53D8}.Release|x86.Build.0 = Release|Win32
		{C9290649-5767-47D6-883F-195F870F249C}.Debug|x64.ActiveCfg = Debug|x64
		{C9290649-5767-47D6-883F-195F870F249C}.Debug|x64.Build.0 = Debug|x64
		{C9290649-5767-47D6-883F-195F870F249C}.Debug|x86.ActiveCfg = Debug|Win32
		{C9290649-5767-47D6-883F-195F870F249C}.Debug|x86.Build.0 = Debug|Win32
		{C9290649-5767-47D6-883F-195F870F249C}.Release|x64.ActiveCfg = Release|x64
		{C9290649-5767-47D6-883F-195F870F249C}.Release|x64.Build.0 = Release|x64
		{C9290649-5767-47D6-883F-195F870F249C}.Release|x86.ActiveCfg = Release|Win32
		{C9290649-5767-47D6-883F-195F870F249C}.Release|x86.Build.0 = Release|Win32
	EndGlobalSection
	GlobalSection(SolutionProperties) = preSolution
		HideSolutionNode = FALSE
	EndGlobalSection
EndGlobal
